
Microsoft Visual Studio Solution File, Format Version 12.00
# Visual Studio 2013
VisualStudioVersion = 12.0.30723.0
MinimumVisualStudioVersion = 10.0.40219.1
Project("{2150E333-8FDC-42A3-9474-1A3956D46DE8}") = ".nuget", ".nuget", "{3A40C1F0-EB31-41D7-978C-D36E6D33F226}"
	ProjectSection(SolutionItems) = preProject
		.nuget\NuGet.Config = .nuget\NuGet.Config
		.nuget\NuGet.exe = .nuget\NuGet.exe
		.nuget\NuGet.targets = .nuget\NuGet.targets
	EndProjectSection
EndProject
Project("{FAE04EC0-301F-11D3-BF4B-00C04F79EFBC}") = "Escape.Data", "Escape.Data\Escape.Data.csproj", "{0994CE3A-3D9D-44E2-B4E6-E82C9ADAD503}"
EndProject
Project("{FAE04EC0-301F-11D3-BF4B-00C04F79EFBC}") = "EscapeMobility.Web", "EscapeMobility.Web\EscapeMobility.Web.csproj", "{892F0EA0-14FA-4927-B9F9-2A280C76FEC2}"
EndProject
Project("{FAE04EC0-301F-11D3-BF4B-00C04F79EFBC}") = "WebApplication2", "WebApplication2\WebApplication2.csproj", "{416E5201-8A3C-4198-A9C5-95BDBDD05B62}"
EndProject
Global
	GlobalSection(SolutionConfigurationPlatforms) = preSolution
		Debug|Any CPU = Debug|Any CPU
		Release|Any CPU = Release|Any CPU
	EndGlobalSection
	GlobalSection(ProjectConfigurationPlatforms) = postSolution
		{0994CE3A-3D9D-44E2-B4E6-E82C9ADAD503}.Debug|Any CPU.ActiveCfg = Debug|Any CPU
		{0994CE3A-3D9D-44E2-B4E6-E82C9ADAD503}.Debug|Any CPU.Build.0 = Debug|Any CPU
		{0994CE3A-3D9D-44E2-B4E6-E82C9ADAD503}.Release|Any CPU.ActiveCfg = Release|Any CPU
		{0994CE3A-3D9D-44E2-B4E6-E82C9ADAD503}.Release|Any CPU.Build.0 = Release|Any CPU
		{892F0EA0-14FA-4927-B9F9-2A280C76FEC2}.Debug|Any CPU.ActiveCfg = Debug|Any CPU
		{892F0EA0-14FA-4927-B9F9-2A280C76FEC2}.Debug|Any CPU.Build.0 = Debug|Any CPU
		{892F0EA0-14FA-4927-B9F9-2A280C76FEC2}.Release|Any CPU.ActiveCfg = Release|Any CPU
		{892F0EA0-14FA-4927-B9F9-2A280C76FEC2}.Release|Any CPU.Build.0 = Release|Any CPU
		{416E5201-8A3C-4198-A9C5-95BDBDD05B62}.Debug|Any CPU.ActiveCfg = Debug|Any CPU
		{416E5201-8A3C-4198-A9C5-95BDBDD05B62}.Debug|Any CPU.Build.0 = Debug|Any CPU
		{416E5201-8A3C-4198-A9C5-95BDBDD05B62}.Release|Any CPU.ActiveCfg = Release|Any CPU
		{416E5201-8A3C-4198-A9C5-95BDBDD05B62}.Release|Any CPU.Build.0 = Release|Any CPU
	EndGlobalSection
	GlobalSection(SolutionProperties) = preSolution
		HideSolutionNode = FALSE
	EndGlobalSection
	GlobalSection(ExtensibilityGlobals) = postSolution
		EnterpriseLibraryConfigurationToolBinariesPath = packages\Unity.2.1.505.2\lib\NET35
	EndGlobalSection
EndGlobal
